
Microsoft Visual Studio Solution File, Format Version 12.00
# Visual Studio Version 17
VisualStudioVersion = 17.6.33829.357
MinimumVisualStudioVersion = 10.0.40219.1
Project("{FAE04EC0-301F-11D3-BF4B-00C04F79EFBC}") = "typograph", "typograph\typograph.csproj", "{A7CCD908-093E-48FB-AADC-E73F6BBB9A22}"
EndProject
Project("{FAE04EC0-301F-11D3-BF4B-00C04F79EFBC}") = "NUnitTestForTypograph", "NUnitTestForTypograph\NUnitTestForTypograph.csproj", "{16FF29D0-513C-4CE5-9BAA-06AF749ADDAA}"
EndProject
Global
	GlobalSection(SolutionConfigurationPlatforms) = preSolution
		Debug|Any CPU = Debug|Any CPU
		Release|Any CPU = Release|Any CPU
	EndGlobalSection
	GlobalSection(ProjectConfigurationPlatforms) = postSolution
		{A7CCD908-093E-48FB-AADC-E73F6BBB9A22}.Debug|Any CPU.ActiveCfg = Debug|Any CPU
		{A7CCD908-093E-48FB-AADC-E73F6BBB9A22}.Debug|Any CPU.Build.0 = Debug|Any CPU
		{A7CCD908-093E-48FB-AADC-E73F6BBB9A22}.Release|Any CPU.ActiveCfg = Release|Any CPU
		{A7CCD908-093E-48FB-AADC-E73F6BBB9A22}.Release|Any CPU.Build.0 = Release|Any CPU
		{16FF29D0-513C-4CE5-9BAA-06AF749ADDAA}.Debug|Any CPU.ActiveCfg = Debug|Any CPU
		{16FF29D0-513C-4CE5-9BAA-06AF749ADDAA}.Debug|Any CPU.Build.0 = Debug|Any CPU
		{16FF29D0-513C-4CE5-9BAA-06AF749ADDAA}.Release|Any CPU.ActiveCfg = Release|Any CPU
		{16FF29D0-513C-4CE5-9BAA-06AF749ADDAA}.Release|Any CPU.Build.0 = Release|Any CPU
	EndGlobalSection
	GlobalSection(SolutionProperties) = preSolution
		HideSolutionNode = FALSE
	EndGlobalSection
	GlobalSection(ExtensibilityGlobals) = postSolution
		SolutionGuid = {C0D2A184-A304-4AB2-94D1-E522F9008944}
	EndGlobalSection
EndGlobal
